
Microsoft Visual Studio Solution File, Format Version 12.00
# Visual Studio 15
VisualStudioVersion = 15.0.26430.14
MinimumVisualStudioVersion = 10.0.40219.1
Project("{FAE04EC0-301F-11D3-BF4B-00C04F79EFBC}") = "TrackManagement", "TrackManager\TrackManagement.csproj", "{D80F1848-1A87-4148-856F-5BC905BA4EC2}"
EndProject
Project("{FAE04EC0-301F-11D3-BF4B-00C04F79EFBC}") = "TrackManagerTests", "TrackManagerTests\TrackManagerTests.csproj", "{5422F884-7068-446F-984D-00FE17BD224F}"
EndProject
Global
	GlobalSection(SolutionConfigurationPlatforms) = preSolution
		Debug|Any CPU = Debug|Any CPU
		Release|Any CPU = Release|Any CPU
	EndGlobalSection
	GlobalSection(ProjectConfigurationPlatforms) = postSolution
		{D80F1848-1A87-4148-856F-5BC905BA4EC2}.Debug|Any CPU.ActiveCfg = Debug|Any CPU
		{D80F1848-1A87-4148-856F-5BC905BA4EC2}.Debug|Any CPU.Build.0 = Debug|Any CPU
		{D80F1848-1A87-4148-856F-5BC905BA4EC2}.Release|Any CPU.ActiveCfg = Release|Any CPU
		{D80F1848-1A87-4148-856F-5BC905BA4EC2}.Release|Any CPU.Build.0 = Release|Any CPU
		{5422F884-7068-446F-984D-00FE17BD224F}.Debug|Any CPU.ActiveCfg = Debug|Any CPU
		{5422F884-7068-446F-984D-00FE17BD224F}.Debug|Any CPU.Build.0 = Debug|Any CPU
		{5422F884-7068-446F-984D-00FE17BD224F}.Release|Any CPU.ActiveCfg = Release|Any CPU
		{5422F884-7068-446F-984D-00FE17BD224F}.Release|Any CPU.Build.0 = Release|Any CPU
	EndGlobalSection
	GlobalSection(SolutionProperties) = preSolution
		HideSolutionNode = FALSE
	EndGlobalSection
EndGlobal
